PODS:
  - ActiveLabel (1.0.1)
  - Alamofire (4.7.3)
  - CLImageEditor (0.2.0):
    - CLImageEditor/Core (= 0.2.0)
  - CLImageEditor/Core (0.2.0)
  - Crashlytics (3.11.0):
    - Fabric (~> 1.8.0)
  - DKCamera (1.6.4)
  - DKImagePickerController (4.0.4):
    - DKImagePickerController/Camera (= 4.0.4)
    - DKImagePickerController/Core (= 4.0.4)
    - DKImagePickerController/ImageDataManager (= 4.0.4)
    - DKImagePickerController/InlineCamera (= 4.0.4)
    - DKImagePickerController/PhotoEditor (= 4.0.4)
    - DKImagePickerController/PhotoGallery (= 4.0.4)
    - DKImagePickerController/Resource (= 4.0.4)
  - DKImagePickerController/Camera (4.0.4):
    - DKCamera
    - DKImagePickerController/Core
  - DKImagePickerController/Core (4.0.4):
    - DKImagePickerController/ImageDataManager
    - DKImagePickerController/Resource
  - DKImagePickerController/ImageDataManager (4.0.4)
  - DKImagePickerController/InlineCamera (4.0.4):
    - DKCamera
    - DKImagePickerController/Core
  - DKImagePickerController/PhotoEditor (4.0.4):
    - CLImageEditor (= 0.2.0)
    - DKImagePickerController/Core
  - DKImagePickerController/PhotoGallery (4.0.4):
    - DKImagePickerController/Core
    - DKPhotoGallery
  - DKImagePickerController/Resource (4.0.4)
  - DKPhotoGallery (0.0.12):
    - DKPhotoGallery/Core (= 0.0.12)
    - DKPhotoGallery/Model (= 0.0.12)
    - DKPhotoGallery/Preview (= 0.0.12)
    - DKPhotoGallery/Resource (= 0.0.12)
    - SDWebImage/GIF
  - DKPhotoGallery/Core (0.0.12):
    - DKPhotoGallery/Model
    - DKPhotoGallery/Preview
    - SDWebImage/GIF
  - DKPhotoGallery/Model (0.0.12):
    - SDWebImage/GIF
  - DKPhotoGallery/Preview (0.0.12):
    - DKPhotoGallery/Model
    - DKPhotoGallery/Resource
    - SDWebImage/GIF
  - DKPhotoGallery/Resource (0.0.12):
    - SDWebImage/GIF
  - DropDown (2.3.12)
  - Fabric (1.8.0)
  - FLAnimatedImage (1.0.12)
  - GoogleMaps (3.1.0):
    - GoogleMaps/Maps (= 3.1.0)
  - GoogleMaps/Base (3.1.0)
  - GoogleMaps/Maps (3.1.0):
    - GoogleMaps/Base
  - GooglePlaces (3.1.0):
    - GoogleMaps/Base (= 3.1.0)
  - Hero (1.4.0)
  - IQKeyboardManagerSwift (6.2.0)
  - Kingfisher (4.10.0)
  - Localize-Swift (2.0.0)
  - NVActivityIndicatorView (4.4.0):
    - NVActivityIndicatorView/Presenter (= 4.4.0)
  - NVActivityIndicatorView/Presenter (4.4.0)
  - OneSignal (2.9.5)
  - Pulsator (0.5.3)
  - RxAlamofire (4.3.0):
    - RxAlamofire/Core (= 4.3.0)
  - RxAlamofire/Core (4.3.0):
    - Alamofire (~> 4.5)
    - RxSwift (~> 4)
  - RxCocoa (4.3.1):
    - RxSwift (~> 4.0)
  - RxSwift (4.3.1)
  - RxSwiftExt (3.3.0):
    - RxSwiftExt/Core (= 3.3.0)
  - RxSwiftExt/Core (3.3.0):
    - RxSwift (~> 4.0)
  - SDWebImage/Core (4.4.6)
  - SDWebImage/GIF (4.4.6):
    - FLAnimatedImage (~> 1.0)
    - SDWebImage/Core
  - SnapKit (4.2.0)
  - SVPinView (1.0.7)
  - SwiftDate (5.0.10)
  - SwiftMessages (5.0.1):
    - SwiftMessages/App (= 5.0.1)
  - SwiftMessages/App (5.0.1)
  - SwiftyJSON (4.2.0)
  - XLPagerTabStrip (8.1.0)

DEPENDENCIES:
  - ActiveLabel (= 1.0.1)
  - Alamofire (= 4.7.3)
  - Crashlytics (= 3.11.0)
  - DKImagePickerController (= 4.0.4)
  - DropDown (= 2.3.12)
  - Fabric (= 1.8.0)
  - GoogleMaps (= 3.1.0)
  - GooglePlaces (= 3.1.0)
  - Hero (= 1.4.0)
  - IQKeyboardManagerSwift (= 6.2.0)
  - Kingfisher (= 4.10.0)
  - Localize-Swift (= 2.0.0)
  - NVActivityIndicatorView (= 4.4.0)
  - OneSignal (= 2.9.5)
  - Pulsator (= 0.5.3)
  - RxAlamofire (= 4.3.0)
  - RxCocoa (= 4.3.1)
  - RxSwift (= 4.3.1)
  - RxSwiftExt (= 3.3.0)
  - SnapKit (= 4.2.0)
  - SVPinView (~> 1.0)
  - SwiftDate (= 5.0.10)
  - SwiftMessages (~> 5.0)
  - SwiftyJSON (= 4.2.0)
  - XLPagerTabStrip (= 8.1.0)

SPEC REPOS:
  https://github.com/cocoapods/specs.git:
    - ActiveLabel
    - Alamofire
    - CLImageEditor
    - Crashlytics
    - DKCamera
    - DKImagePickerController
    - DKPhotoGallery
    - DropDown
    - Fabric
    - FLAnimatedImage
    - GoogleMaps
    - GooglePlaces
    - Hero
    - IQKeyboardManagerSwift
    - Kingfisher
    - Localize-Swift
    - NVActivityIndicatorView
    - OneSignal
    - Pulsator
    - RxAlamofire
    - RxCocoa
    - RxSwift
    - RxSwiftExt
    - SDWebImage
    - SnapKit
    - SVPinView
    - SwiftDate
    - SwiftMessages
    - SwiftyJSON
    - XLPagerTabStrip

SPEC CHECKSUMS:
  ActiveLabel: b8b2396fe25308d563601437d6605bf691c3b5db
  Alamofire: c7287b6e5d7da964a70935e5db17046b7fde6568
  CLImageEditor: ec5ae50b3a54c9818c0bdb243b20665a1c6718e3
  Crashlytics: 1448070c1d2731ab71ea7c3faf84ac0f69657287
  DKCamera: 61fa47629a39354e5111bca1fe96695de020dcb9
  DKImagePickerController: debcc4eaa09b82c06fc237f1bebd6a9fd4be9fa3
  DKPhotoGallery: 1b4d65d9a485dfdd2002f22daa5b955eafb350ea
  DropDown: 0bcc278799ec11a3d34ce1aac9367fbbaf5423d9
  Fabric: 4ac1cdfef3004ccd83ce0959b91eda8a6e37df72
  FLAnimatedImage: 4a0b56255d9b05f18b6dd7ee06871be5d3b89e31
  GoogleMaps: 5c13302e6fe6bb6e686b267196586b91cd594225
  GooglePlaces: e874db179f2675c4f3eeda0b686b540273a578b0
  Hero: bac92350d7201a1a940003e0767c7b52ce7c99a1
  IQKeyboardManagerSwift: b07ccf9d8cafe993dcd6cb794eb4ba34611a0c4e
  Kingfisher: 43c4b802d8b5256cf1f4379e9cd10b329be6d3e2
  Localize-Swift: c798ec9286494866f7068f85f7c71283ac5bdab4
  NVActivityIndicatorView: ec7440a57af2450319d3a4181cca7da6fc127064
  OneSignal: ccdeb961882f8668305e5b694e2cb7cb325fc907
  Pulsator: d58707c6827ec862cd89fd727424866795dabd24
  RxAlamofire: 09624d0f2d48ed8b686e4eb4cf68e28cbd2df556
  RxCocoa: 78763c7b07d02455598d9fc3c1ad091a28b73635
  RxSwift: fe0fd770a43acdb7d0a53da411c9b892e69bb6e4
  RxSwiftExt: 81afb48ab0602f503147417baeb3989d64c7687d
  SDWebImage: 3f3f0c02f09798048c47a5ed0a13f17b063572d8
  SnapKit: fe8a619752f3f27075cc9a90244d75c6c3f27e2a
  SVPinView: 6c1da57e4a1273298802f460c60511ba10f7c831
  SwiftDate: fcdaa7ca22a903faf6d7ed231239a88d174dcae3
  SwiftMessages: 32ce3cfc8388b41aae56ff4853cc752a20101147
  SwiftyJSON: c4bcba26dd9ec7a027fc8eade48e2c911f229e96
  XLPagerTabStrip: 22d4c58200d7c105e0e407ab6bfd01a5d85014be

PODFILE CHECKSUM: 01369a44ef22eb45b352d4c9eef6294983df6967

COCOAPODS: 1.6.1
